github.com/andybalholm/brotli v1.0.4 h1:V7DdXeJtZscaqfNuAdSRuRFzuiKlHSC/Zh3zl9qY3JY=
github.com/bool64/dev v0.2.22 h1:YJFKBRKplkt+0Emq/5Xk1Z5QRmMNzc1UOJkR3rxJksA=
github.com/davecgh/go-spew v1.1.0 h1:ZDRjVQ15GmhC3fiQ8ni8+OwkZQO4DARzQgrnXU1Liz8=
github.com/go-chi/chi/v5 v5.0.8 h1:lD+NLqFcAi1ovnVZpsnObHGW4xb4J8lNmoYVfECH1Y0=
github.com/go-chi/chi/v5 v5.0.8/go.mod h1:DslCQbL2OYiznFReuXYUmQ2hGd1aDpCnlMNITLSKoi8=
github.com/laher/mergefs v0.1.1 h1:nV2bTS57vrmbMxeR6uvJpI8LyGl3QHj4bLBZO3aUV58=
github.com/laher/mergefs v0.1.1/go.mod h1:FSY1hYy94on4Tz60waRMGdO1awwS23BacqJlqf9lJ9Q=
github.com/matryer/is v1.4.0 h1:sosSmIWwkYITGrxZ25ULNDeKiMNzFSr4V/eqBQP0PeE=
github.com/matryer/is v1.4.0/go.mod h1:8I/i5uYgLzgsgEloJE1U6xx5HkBQpAZvepWuujKwMRU=
github.com/pmezard/go-difflib v1.0.0 h1:4DBwDE0NGyQoBHbLQYPwSUPoCMWR5BEzIk/f1lZbAQM=
github.com/stretchr/testify v1.4.0 h1:2E4SXV/wtOkTonXsotYi4li6zVWxYlZuYNCXe9XRJyk=
github.com/vearutop/statigz v1.3.0 h1:RoIbvbMilsT8gXtPflWLcVlce89l5qZP9SHlKhXtEsg=
github.com/vearutop/statigz v1.3.0/go.mod h1:jqlOPvLAdiQktMtYAkyguI3Ee0FA26iXKeEx2pS5l88=
github.com/worldiety/hg v0.0.0-20230710152952-dca84dfb09bc h1:Rd3M4hHzxeUH+/JF9WhsWgF1zAfFQse+NYmX9Pqh8WU=
github.com/worldiety/hg v0.0.0-20230710152952-dca84dfb09bc/go.mod h1:50XzTw/qX6kM7znzle2dc0qyRTq2xWDvvTR7oqC5ULk=
golang.org/x/exp v0.0.0-20230626212559-97b1e661b5df h1:UA2aFVmmsIlefxMk29Dp2juaUSth8Pyn3Tq5Y5mJGME=
golang.org/x/exp v0.0.0-20230626212559-97b1e661b5df/go.mod h1:FXUEEKJgO7OQYeo8N01OfiKP8RXMtf6e8aTskBGqWdc=
gopkg.in/yaml.v2 v2.4.0 h1:D8xgwECY7CYvx+Y2n4sBz93Jn9JRvxdiyyo8CTfuKaY=
